
Microsoft Visual Studio Solution File, Format Version 12.00
# Visual Studio Version 16
VisualStudioVersion = 16.0.30114.105
MinimumVisualStudioVersion = 10.0.40219.1
Project("{2150E333-8FDC-42A3-9474-1A3956D46DE8}") = "src", "src", "{4E878570-37E1-4760-9770-EBDE61B09B5B}"
EndProject
Project("{FAE04EC0-301F-11D3-BF4B-00C04F79EFBC}") = "GestioneSagre.Image", "src\GestioneSagre.Image\GestioneSagre.Image.csproj", "{C9F8399A-2523-459D-B904-F88F70D39414}"
EndProject
Global
	GlobalSection(SolutionConfigurationPlatforms) = preSolution
		Debug|Any CPU = Debug|Any CPU
		Release|Any CPU = Release|Any CPU
	EndGlobalSection
	GlobalSection(SolutionProperties) = preSolution
		HideSolutionNode = FALSE
	EndGlobalSection
	GlobalSection(ProjectConfigurationPlatforms) = postSolution
		{C9F8399A-2523-459D-B904-F88F70D39414}.Debug|Any CPU.ActiveCfg = Debug|Any CPU
		{C9F8399A-2523-459D-B904-F88F70D39414}.Debug|Any CPU.Build.0 = Debug|Any CPU
		{C9F8399A-2523-459D-B904-F88F70D39414}.Release|Any CPU.ActiveCfg = Release|Any CPU
		{C9F8399A-2523-459D-B904-F88F70D39414}.Release|Any CPU.Build.0 = Release|Any CPU
	EndGlobalSection
	GlobalSection(NestedProjects) = preSolution
		{C9F8399A-2523-459D-B904-F88F70D39414} = {4E878570-37E1-4760-9770-EBDE61B09B5B}
	EndGlobalSection
EndGlobal
